// !$*UTF8*$!
{
	archiveVersion = 1;
	classes = {
	};
	objectVersion = 56;
	objects = {

/* Begin PBXBuildFile section */
		6A042CD02EC1EE9A00B5C6F6 /* NikeAppIOSApp.swift in Sources */ = {isa = PBXBuildFile; fileRef = 6A042CCF2EC1EE9A00B5C6F6 /* NikeAppIOSApp.swift */; };
		6A042CD22EC1EE9A00B5C6F6 /* ContentView.swift in Sources */ = {isa = PBXBuildFile; fileRef = 6A042CD12EC1EE9A00B5C6F6 /* ContentView.swift */; };
		6A042CD42EC1EE9C00B5C6F6 /* picture.xcassets in Resources */ = {isa = PBXBuildFile; fileRef = 6A042CD32EC1EE9C00B5C6F6 /* picture.xcassets */; };
		6A042CD72EC1EE9C00B5C6F6 /* Preview Assets.xcassets in Resources */ = {isa = PBXBuildFile; fileRef = 6A042CD62EC1EE9C00B5C6F6 /* Preview Assets.xcassets */; };
		6A0B38692EDAD56900F08509 /* HomeScreen.swift in Sources */ = {isa = PBXBuildFile; fileRef = 6A0B38682EDAD56900F08509 /* HomeScreen.swift */; };
		6A17AD922ECB25B400C2DD5D /* Third_Screen.swift in Sources */ = {isa = PBXBuildFile; fileRef = 6A17AD912ECB25B400C2DD5D /* Third_Screen.swift */; };
		6A17AD972ECB315000C2DD5D /* Main_Screen.swift in Sources */ = {isa = PBXBuildFile; fileRef = 6A17AD962ECB315000C2DD5D /* Main_Screen.swift */; };
		6A17AD9B2ECB326A00C2DD5D /* Ronaldo.jpeg in Resources */ = {isa = PBXBuildFile; fileRef = 6A17AD9A2ECB326A00C2DD5D /* Ronaldo.jpeg */; };
		6A1D53C62ECF27C6004F4548 /* Eight_Screen.swift in Sources */ = {isa = PBXBuildFile; fileRef = 6A1D53C52ECF27C6004F4548 /* Eight_Screen.swift */; };
		6A39AB1A2ECE67AC006CBC1F /* Shop_Screen.swift in Sources */ = {isa = PBXBuildFile; fileRef = 6A39AB192ECE67AC006CBC1F /* Shop_Screen.swift */; };
		6A4A3C322EC5E1A8001585F9 /* Splash_Screen.swift in Sources */ = {isa = PBXBuildFile; fileRef = 6A4A3C312EC5E1A8001585F9 /* Splash_Screen.swift */; };
		6A4FCFD32ED9BEB900A390B4 /* Profile_Screen.swift in Sources */ = {isa = PBXBuildFile; fileRef = 6A4FCFD22ED9BEB900A390B4 /* Profile_Screen.swift */; };
		6A83A1902ECFC1E000D1928F /* Nine_Screen.swift in Sources */ = {isa = PBXBuildFile; fileRef = 6A83A18F2ECFC1E000D1928F /* Nine_Screen.swift */; };
		6A88DAB52EE57B4400FC8709 /* Discover_Screen.swift in Sources */ = {isa = PBXBuildFile; fileRef = 6A88DAB42EE57B4400FC8709 /* Discover_Screen.swift */; };
		6A88DAB82EE57FE800FC8709 /* WebAuth_Screen.swift in Sources */ = {isa = PBXBuildFile; fileRef = 6A88DAB72EE57FE800FC8709 /* WebAuth_Screen.swift */; };
		6A88DABB2EE5BC4700FC8709 /* Chapter_Shop_Screen.swift in Sources */ = {isa = PBXBuildFile; fileRef = 6A88DABA2EE5BC4700FC8709 /* Chapter_Shop_Screen.swift */; };
		6A88DABE2EE5C7D900FC8709 /* Catalog_Shoes.swift in Sources */ = {isa = PBXBuildFile; fileRef = 6A88DABD2EE5C7D900FC8709 /* Catalog_Shoes.swift */; };
		6A88DAC12EE6D1C100FC8709 /* Best_Sellers.swift in Sources */ = {isa = PBXBuildFile; fileRef = 6A88DAC02EE6D1C100FC8709 /* Best_Sellers.swift */; };
		6A88DAC52EE6D33000FC8709 /* Favorites_Screen.swift in Sources */ = {isa = PBXBuildFile; fileRef = 6A88DAC42EE6D33000FC8709 /* Favorites_Screen.swift */; };
		6A88DAC82EE6D3AD00FC8709 /* FavoritesManager.swift in Sources */ = {isa = PBXBuildFile; fileRef = 6A88DAC72EE6D3AD00FC8709 /* FavoritesManager.swift */; };
		6A88DACA2EE6D4FF00FC8709 /* ShopProduct.swift in Sources */ = {isa = PBXBuildFile; fileRef = 6A88DAC92EE6D4FF00FC8709 /* ShopProduct.swift */; };
		6A88DACD2EE6E7B200FC8709 /* TabBarItemView.swift in Sources */ = {isa = PBXBuildFile; fileRef = 6A88DACC2EE6E7B200FC8709 /* TabBarItemView.swift */; };
		6A9048022ECC7A550094738F /* Fourth_Screen.swift in Sources */ = {isa = PBXBuildFile; fileRef = 6A9048012ECC7A550094738F /* Fourth_Screen.swift */; };
		6A9048052ECC83F00094738F /* Fifth_Screen.swift in Sources */ = {isa = PBXBuildFile; fileRef = 6A9048042ECC83F00094738F /* Fifth_Screen.swift */; };
/* End PBXBuildFile section */

/* Begin PBXFileReference section */
		6A042CCC2EC1EE9A00B5C6F6 /* NikeAppIOS.app */ = {isa = PBXFileReference; explicitFileType = wrapper.application; includeInIndex = 0; path = NikeAppIOS.app; sourceTree = BUILT_PRODUCTS_DIR; };
		6A042CCF2EC1EE9A00B5C6F6 /* NikeAppIOSApp.swift */ = {isa = PBXFileReference; lastKnownFileType = sourcecode.swift; path = NikeAppIOSApp.swift; sourceTree = "<group>"; };
		6A042CD12EC1EE9A00B5C6F6 /* ContentView.swift */ = {isa = PBXFileReference; lastKnownFileType = sourcecode.swift; path = ContentView.swift; sourceTree = "<group>"; };
		6A042CD32EC1EE9C00B5C6F6 /* picture.xcassets */ = {isa = PBXFileReference; lastKnownFileType = folder.assetcatalog; path = picture.xcassets; sourceTree = "<group>"; };
		6A042CD62EC1EE9C00B5C6F6 /* Preview Assets.xcassets */ = {isa = PBXFileReference; lastKnownFileType = folder.assetcatalog; path = "Preview Assets.xcassets"; sourceTree = "<group>"; };
		6A0B38682EDAD56900F08509 /* HomeScreen.swift */ = {isa = PBXFileReference; lastKnownFileType = sourcecode.swift; path = HomeScreen.swift; sourceTree = "<group>"; };
		6A17AD912ECB25B400C2DD5D /* Third_Screen.swift */ = {isa = PBXFileReference; lastKnownFileType = sourcecode.swift; path = Third_Screen.swift; sourceTree = "<group>"; };
		6A17AD962ECB315000C2DD5D /* Main_Screen.swift */ = {isa = PBXFileReference; lastKnownFileType = sourcecode.swift; path = Main_Screen.swift; sourceTree = "<group>"; };
		6A17AD9A2ECB326A00C2DD5D /* Ronaldo.jpeg */ = {isa = PBXFileReference; lastKnownFileType = image.jpeg; name = Ronaldo.jpeg; path = ../../../../../Downloads/Ronaldo.jpeg; sourceTree = "<group>"; };
		6A1D53C52ECF27C6004F4548 /* Eight_Screen.swift */ = {isa = PBXFileReference; lastKnownFileType = sourcecode.swift; path = Eight_Screen.swift; sourceTree = "<group>"; };
		6A39AB192ECE67AC006CBC1F /* Shop_Screen.swift */ = {isa = PBXFileReference; lastKnownFileType = sourcecode.swift; path = Shop_Screen.swift; sourceTree = "<group>"; };
		6A4A3C312EC5E1A8001585F9 /* Splash_Screen.swift */ = {isa = PBXFileReference; lastKnownFileType = sourcecode.swift; path = Splash_Screen.swift; sourceTree = "<group>"; };
		6A4FCFD22ED9BEB900A390B4 /* Profile_Screen.swift */ = {isa = PBXFileReference; lastKnownFileType = sourcecode.swift; path = Profile_Screen.swift; sourceTree = "<group>"; };
		6A83A18F2ECFC1E000D1928F /* Nine_Screen.swift */ = {isa = PBXFileReference; lastKnownFileType = sourcecode.swift; path = Nine_Screen.swift; sourceTree = "<group>"; };
		6A88DAB42EE57B4400FC8709 /* Discover_Screen.swift */ = {isa = PBXFileReference; lastKnownFileType = sourcecode.swift; path = Discover_Screen.swift; sourceTree = "<group>"; };
		6A88DAB72EE57FE800FC8709 /* WebAuth_Screen.swift */ = {isa = PBXFileReference; lastKnownFileType = sourcecode.swift; path = WebAuth_Screen.swift; sourceTree = "<group>"; };
		6A88DABA2EE5BC4700FC8709 /* Chapter_Shop_Screen.swift */ = {isa = PBXFileReference; lastKnownFileType = sourcecode.swift; path = Chapter_Shop_Screen.swift; sourceTree = "<group>"; };
		6A88DABD2EE5C7D900FC8709 /* Catalog_Shoes.swift */ = {isa = PBXFileReference; lastKnownFileType = sourcecode.swift; path = Catalog_Shoes.swift; sourceTree = "<group>"; };
		6A88DAC02EE6D1C100FC8709 /* Best_Sellers.swift */ = {isa = PBXFileReference; lastKnownFileType = sourcecode.swift; path = Best_Sellers.swift; sourceTree = "<group>"; };
		6A88DAC42EE6D33000FC8709 /* Favorites_Screen.swift */ = {isa = PBXFileReference; lastKnownFileType = sourcecode.swift; path = Favorites_Screen.swift; sourceTree = "<group>"; };
		6A88DAC72EE6D3AD00FC8709 /* FavoritesManager.swift */ = {isa = PBXFileReference; lastKnownFileType = sourcecode.swift; path = FavoritesManager.swift; sourceTree = "<group>"; };
		6A88DAC92EE6D4FF00FC8709 /* ShopProduct.swift */ = {isa = PBXFileReference; lastKnownFileType = sourcecode.swift; path = ShopProduct.swift; sourceTree = "<group>"; };
		6A88DACC2EE6E7B200FC8709 /* TabBarItemView.swift */ = {isa = PBXFileReference; lastKnownFileType = sourcecode.swift; path = TabBarItemView.swift; sourceTree = "<group>"; };
		6A9048012ECC7A550094738F /* Fourth_Screen.swift */ = {isa = PBXFileReference; lastKnownFileType = sourcecode.swift; path = Fourth_Screen.swift; sourceTree = "<group>"; };
		6A9048042ECC83F00094738F /* Fifth_Screen.swift */ = {isa = PBXFileReference; lastKnownFileType = sourcecode.swift; path = Fifth_Screen.swift; sourceTree = "<group>"; };
		6AF35B1C2EC73707001EBE15 /* Info.plist */ = {isa = PBXFileReference; lastKnownFileType = text.plist.xml; path = Info.plist; sourceTree = "<group>"; };
/* End PBXFileReference section */

/* Begin PBXFrameworksBuildPhase section */
		6A042CC92EC1EE9A00B5C6F6 /* Frameworks */ = {
			isa = PBXFrameworksBuildPhase;
			buildActionMask = 2147483647;
			files = (
			);
			runOnlyForDeploymentPostprocessing = 0;
		};
/* End PBXFrameworksBuildPhase section */

/* Begin PBXGroup section */
		6A042CC32EC1EE9900B5C6F6 = {
			isa = PBXGroup;
			children = (
				6AF35B1C2EC73707001EBE15 /* Info.plist */,
				6A042CCE2EC1EE9A00B5C6F6 /* NikeAppIOS */,
				6A042CCD2EC1EE9A00B5C6F6 /* Products */,
			);
			sourceTree = "<group>";
		};
		6A042CCD2EC1EE9A00B5C6F6 /* Products */ = {
			isa = PBXGroup;
			children = (
				6A042CCC2EC1EE9A00B5C6F6 /* NikeAppIOS.app */,
			);
			name = Products;
			sourceTree = "<group>";
		};
		6A042CCE2EC1EE9A00B5C6F6 /* NikeAppIOS */ = {
			isa = PBXGroup;
			children = (
				6A88DACB2EE6E7A500FC8709 /* TabBarItemView */,
				6A88DAC32EE6D32700FC8709 /* Favorites_Screen */,
				6A88DABF2EE6D1B900FC8709 /* Best_Sellers */,
				6A88DABC2EE5C7D100FC8709 /* Catalog_Shoes */,
				6A88DAB92EE5BC3800FC8709 /* Chapter_Shop_Screen */,
				6A88DAB62EE57FE000FC8709 /* WebAuth_Screen */,
				6A88DAB32EE57B1700FC8709 /* Discover_Screen */,
				6A0B38672EDAD54A00F08509 /* HomeScreen */,
				6A4FCFD12ED9BEAD00A390B4 /* Profile_Screen */,
				6A83A18E2ECFC1C800D1928F /* Nine_Screen */,
				6A1D53C42ECF27B1004F4548 /* Eight_Screen */,
				6A39AB172ECE678F006CBC1F /* Shop_Screen */,
				6A9048032ECC83D20094738F /* Fifth_Screen */,
				6A9048002ECC7A3D0094738F /* Fourth_Screen */,
				6A17AD952ECB313100C2DD5D /* Main_Screen */,
				6A17AD902ECB259C00C2DD5D /* Third_Screen */,
				6A4A3C302EC5E18F001585F9 /* Splash_Screen */,
				6A042CCF2EC1EE9A00B5C6F6 /* NikeAppIOSApp.swift */,
				6A4A3C272EC5CA83001585F9 /* Second_Screen */,
				6A042CD32EC1EE9C00B5C6F6 /* picture.xcassets */,
				6A042CD52EC1EE9C00B5C6F6 /* Preview Content */,
			);
			path = NikeAppIOS;
			sourceTree = "<group>";
		};
		6A042CD52EC1EE9C00B5C6F6 /* Preview Content */ = {
			isa = PBXGroup;
			children = (
				6A042CD62EC1EE9C00B5C6F6 /* Preview Assets.xcassets */,
				6A17AD9A2ECB326A00C2DD5D /* Ronaldo.jpeg */,
			);
			path = "Preview Content";
			sourceTree = "<group>";
		};
		6A0B38672EDAD54A00F08509 /* HomeScreen */ = {
			isa = PBXGroup;
			children = (
				6A0B38682EDAD56900F08509 /* HomeScreen.swift */,
			);
			path = HomeScreen;
			sourceTree = "<group>";
		};
		6A17AD902ECB259C00C2DD5D /* Third_Screen */ = {
			isa = PBXGroup;
			children = (
				6A17AD912ECB25B400C2DD5D /* Third_Screen.swift */,
			);
			path = Third_Screen;
			sourceTree = "<group>";
		};
		6A17AD952ECB313100C2DD5D /* Main_Screen */ = {
			isa = PBXGroup;
			children = (
				6A17AD962ECB315000C2DD5D /* Main_Screen.swift */,
			);
			path = Main_Screen;
			sourceTree = "<group>";
		};
		6A1D53C42ECF27B1004F4548 /* Eight_Screen */ = {
			isa = PBXGroup;
			children = (
				6A1D53C52ECF27C6004F4548 /* Eight_Screen.swift */,
			);
			path = Eight_Screen;
			sourceTree = "<group>";
		};
		6A39AB172ECE678F006CBC1F /* Shop_Screen */ = {
			isa = PBXGroup;
			children = (
				6A39AB192ECE67AC006CBC1F /* Shop_Screen.swift */,
			);
			path = Shop_Screen;
			sourceTree = "<group>";
		};
		6A4A3C272EC5CA83001585F9 /* Second_Screen */ = {
			isa = PBXGroup;
			children = (
				6A042CD12EC1EE9A00B5C6F6 /* ContentView.swift */,
			);
			path = Second_Screen;
			sourceTree = "<group>";
		};
		6A4A3C302EC5E18F001585F9 /* Splash_Screen */ = {
			isa = PBXGroup;
			children = (
				6A4A3C312EC5E1A8001585F9 /* Splash_Screen.swift */,
			);
			path = Splash_Screen;
			sourceTree = "<group>";
		};
		6A4FCFD12ED9BEAD00A390B4 /* Profile_Screen */ = {
			isa = PBXGroup;
			children = (
				6A4FCFD22ED9BEB900A390B4 /* Profile_Screen.swift */,
			);
			path = Profile_Screen;
			sourceTree = "<group>";
		};
		6A83A18E2ECFC1C800D1928F /* Nine_Screen */ = {
			isa = PBXGroup;
			children = (
				6A83A18F2ECFC1E000D1928F /* Nine_Screen.swift */,
			);
			path = Nine_Screen;
			sourceTree = "<group>";
		};
		6A88DAB32EE57B1700FC8709 /* Discover_Screen */ = {
			isa = PBXGroup;
			children = (
				6A88DAB42EE57B4400FC8709 /* Discover_Screen.swift */,
			);
			path = Discover_Screen;
			sourceTree = "<group>";
		};
		6A88DAB62EE57FE000FC8709 /* WebAuth_Screen */ = {
			isa = PBXGroup;
			children = (
				6A88DAB72EE57FE800FC8709 /* WebAuth_Screen.swift */,
			);
			path = WebAuth_Screen;
			sourceTree = "<group>";
		};
		6A88DAB92EE5BC3800FC8709 /* Chapter_Shop_Screen */ = {
			isa = PBXGroup;
			children = (
				6A88DABA2EE5BC4700FC8709 /* Chapter_Shop_Screen.swift */,
			);
			path = Chapter_Shop_Screen;
			sourceTree = "<group>";
		};
		6A88DABC2EE5C7D100FC8709 /* Catalog_Shoes */ = {
			isa = PBXGroup;
			children = (
				6A88DABD2EE5C7D900FC8709 /* Catalog_Shoes.swift */,
			);
			path = Catalog_Shoes;
			sourceTree = "<group>";
		};
		6A88DABF2EE6D1B900FC8709 /* Best_Sellers */ = {
			isa = PBXGroup;
			children = (
				6A88DAC02EE6D1C100FC8709 /* Best_Sellers.swift */,
			);
			path = Best_Sellers;
			sourceTree = "<group>";
		};
		6A88DAC32EE6D32700FC8709 /* Favorites_Screen */ = {
			isa = PBXGroup;
			children = (
				6A88DAC72EE6D3AD00FC8709 /* FavoritesManager.swift */,
				6A88DAC42EE6D33000FC8709 /* Favorites_Screen.swift */,
				6A88DAC92EE6D4FF00FC8709 /* ShopProduct.swift */,
			);
			path = Favorites_Screen;
			sourceTree = "<group>";
		};
		6A88DACB2EE6E7A500FC8709 /* TabBarItemView */ = {
			isa = PBXGroup;
			children = (
				6A88DACC2EE6E7B200FC8709 /* TabBarItemView.swift */,
			);
			path = TabBarItemView;
			sourceTree = "<group>";
		};
		6A9048002ECC7A3D0094738F /* Fourth_Screen */ = {
			isa = PBXGroup;
			children = (
				6A9048012ECC7A550094738F /* Fourth_Screen.swift */,
			);
			path = Fourth_Screen;
			sourceTree = "<group>";
		};
		6A9048032ECC83D20094738F /* Fifth_Screen */ = {
			isa = PBXGroup;
			children = (
				6A9048042ECC83F00094738F /* Fifth_Screen.swift */,
			);
			path = Fifth_Screen;
			sourceTree = "<group>";
		};
/* End PBXGroup section */

/* Begin PBXNativeTarget section */
		6A042CCB2EC1EE9A00B5C6F6 /* NikeAppIOS */ = {
			isa = PBXNativeTarget;
			buildConfigurationList = 6A042CDA2EC1EE9C00B5C6F6 /* Build configuration list for PBXNativeTarget "NikeAppIOS" */;
			buildPhases = (
				6A042CC82EC1EE9A00B5C6F6 /* Sources */,
				6A042CC92EC1EE9A00B5C6F6 /* Frameworks */,
				6A042CCA2EC1EE9A00B5C6F6 /* Resources */,
			);
			buildRules = (
			);
			dependencies = (
			);
			name = NikeAppIOS;
			productName = NikeAppIOS;
			productReference = 6A042CCC2EC1EE9A00B5C6F6 /* NikeAppIOS.app */;
			productType = "com.apple.product-type.application";
		};
/* End PBXNativeTarget section */

/* Begin PBXProject section */
		6A042CC42EC1EE9900B5C6F6 /* Project object */ = {
			isa = PBXProject;
			attributes = {
				BuildIndependentTargetsInParallel = 1;
				LastSwiftUpdateCheck = 1540;
				LastUpgradeCheck = 1540;
				TargetAttributes = {
					6A042CCB2EC1EE9A00B5C6F6 = {
						CreatedOnToolsVersion = 15.4;
					};
				};
			};
			buildConfigurationList = 6A042CC72EC1EE9A00B5C6F6 /* Build configuration list for PBXProject "NikeAppIOS" */;
			compatibilityVersion = "Xcode 14.0";
			developmentRegion = en;
			hasScannedForEncodings = 0;
			knownRegions = (
				en,
				Base,
			);
			mainGroup = 6A042CC32EC1EE9900B5C6F6;
			productRefGroup = 6A042CCD2EC1EE9A00B5C6F6 /* Products */;
			projectDirPath = "";
			projectRoot = "";
			targets = (
				6A042CCB2EC1EE9A00B5C6F6 /* NikeAppIOS */,
			);
		};
/* End PBXProject section */

/* Begin PBXResourcesBuildPhase section */
		6A042CCA2EC1EE9A00B5C6F6 /* Resources */ = {
			isa = PBXResourcesBuildPhase;
			buildActionMask = 2147483647;
			files = (
				6A042CD72EC1EE9C00B5C6F6 /* Preview Assets.xcassets in Resources */,
				6A042CD42EC1EE9C00B5C6F6 /* picture.xcassets in Resources */,
				6A17AD9B2ECB326A00C2DD5D /* Ronaldo.jpeg in Resources */,
			);
			runOnlyForDeploymentPostprocessing = 0;
		};
/* End PBXResourcesBuildPhase section */

/* Begin PBXSourcesBuildPhase section */
		6A042CC82EC1EE9A00B5C6F6 /* Sources */ = {
			isa = PBXSourcesBuildPhase;
			buildActionMask = 2147483647;
			files = (
				6A17AD972ECB315000C2DD5D /* Main_Screen.swift in Sources */,
				6A88DAB52EE57B4400FC8709 /* Discover_Screen.swift in Sources */,
				6A88DAB82EE57FE800FC8709 /* WebAuth_Screen.swift in Sources */,
				6A88DAC52EE6D33000FC8709 /* Favorites_Screen.swift in Sources */,
				6A88DAC12EE6D1C100FC8709 /* Best_Sellers.swift in Sources */,
				6A88DAC82EE6D3AD00FC8709 /* FavoritesManager.swift in Sources */,
				6A83A1902ECFC1E000D1928F /* Nine_Screen.swift in Sources */,
				6A88DABB2EE5BC4700FC8709 /* Chapter_Shop_Screen.swift in Sources */,
				6A88DACD2EE6E7B200FC8709 /* TabBarItemView.swift in Sources */,
				6A042CD22EC1EE9A00B5C6F6 /* ContentView.swift in Sources */,
				6A4FCFD32ED9BEB900A390B4 /* Profile_Screen.swift in Sources */,
				6A4A3C322EC5E1A8001585F9 /* Splash_Screen.swift in Sources */,
				6A9048052ECC83F00094738F /* Fifth_Screen.swift in Sources */,
				6A39AB1A2ECE67AC006CBC1F /* Shop_Screen.swift in Sources */,
				6A88DABE2EE5C7D900FC8709 /* Catalog_Shoes.swift in Sources */,
				6A1D53C62ECF27C6004F4548 /* Eight_Screen.swift in Sources */,
				6A0B38692EDAD56900F08509 /* HomeScreen.swift in Sources */,
				6A9048022ECC7A550094738F /* Fourth_Screen.swift in Sources */,
				6A88DACA2EE6D4FF00FC8709 /* ShopProduct.swift in Sources */,
				6A042CD02EC1EE9A00B5C6F6 /* NikeAppIOSApp.swift in Sources */,
				6A17AD922ECB25B400C2DD5D /* Third_Screen.swift in Sources */,
			);
			runOnlyForDeploymentPostprocessing = 0;
		};
/* End PBXSourcesBuildPhase section */

/* Begin XCBuildConfiguration section */
		6A042CD82EC1EE9C00B5C6F6 /* Debug */ = {
			isa = XCBuildConfiguration;
			buildSettings = {
				ALWAYS_SEARCH_USER_PATHS = NO;
				ASSETCATALOG_COMPILER_GENERATE_SWIFT_ASSET_SYMBOL_EXTENSIONS = YES;
				CLANG_ANALYZER_NONNULL = YES;
				CLANG_ANALYZER_NUMBER_OBJECT_CONVERSION = YES_AGGRESSIVE;
				CLANG_CXX_LANGUAGE_STANDARD = "gnu++20";
				CLANG_ENABLE_MODULES = YES;
				CLANG_ENABLE_OBJC_ARC = YES;
				CLANG_ENABLE_OBJC_WEAK = YES;
				CLANG_WARN_BLOCK_CAPTURE_AUTORELEASING = YES;
				CLANG_WARN_BOOL_CONVERSION = YES;
				CLANG_WARN_COMMA = YES;
				CLANG_WARN_CONSTANT_CONVERSION = YES;
				CLANG_WARN_DEPRECATED_OBJC_IMPLEMENTATIONS = YES;
				CLANG_WARN_DIRECT_OBJC_ISA_USAGE = YES_ERROR;
				CLANG_WARN_DOCUMENTATION_COMMENTS = YES;
				CLANG_WARN_EMPTY_BODY = YES;
				CLANG_WARN_ENUM_CONVERSION = YES;
				CLANG_WARN_INFINITE_RECURSION = YES;
				CLANG_WARN_INT_CONVERSION = YES;
				CLANG_WARN_NON_LITERAL_NULL_CONVERSION = YES;
				CLANG_WARN_OBJC_IMPLICIT_RETAIN_SELF = YES;
				CLANG_WARN_OBJC_LITERAL_CONVERSION = YES;
				CLANG_WARN_OBJC_ROOT_CLASS = YES_ERROR;
				CLANG_WARN_QUOTED_INCLUDE_IN_FRAMEWORK_HEADER = YES;
				CLANG_WARN_RANGE_LOOP_ANALYSIS = YES;
				CLANG_WARN_STRICT_PROTOTYPES = YES;
				CLANG_WARN_SUSPICIOUS_MOVE = YES;
				CLANG_WARN_UNGUARDED_AVAILABILITY = YES_AGGRESSIVE;
				CLANG_WARN_UNREACHABLE_CODE = YES;
				CLANG_WARN__DUPLICATE_METHOD_MATCH = YES;
				COPY_PHASE_STRIP = NO;
				DEBUG_INFORMATION_FORMAT = dwarf;
				ENABLE_STRICT_OBJC_MSGSEND = YES;
				ENABLE_TESTABILITY = YES;
				ENABLE_USER_SCRIPT_SANDBOXING = YES;
				GCC_C_LANGUAGE_STANDARD = gnu17;
				GCC_DYNAMIC_NO_PIC = NO;
				GCC_NO_COMMON_BLOCKS = YES;
				GCC_OPTIMIZATION_LEVEL = 0;
				GCC_PREPROCESSOR_DEFINITIONS = (
					"DEBUG=1",
					"$(inherited)",
				);
				GCC_WARN_64_TO_32_BIT_CONVERSION = YES;
				GCC_WARN_ABOUT_RETURN_TYPE = YES_ERROR;
				GCC_WARN_UNDECLARED_SELECTOR = YES;
				GCC_WARN_UNINITIALIZED_AUTOS = YES_AGGRESSIVE;
				GCC_WARN_UNUSED_FUNCTION = YES;
				GCC_WARN_UNUSED_VARIABLE = YES;
				IPHONEOS_DEPLOYMENT_TARGET = 17.5;
				LOCALIZATION_PREFERS_STRING_CATALOGS = YES;
				MTL_ENABLE_DEBUG_INFO = INCLUDE_SOURCE;
				MTL_FAST_MATH = YES;
				ONLY_ACTIVE_ARCH = YES;
				SDKROOT = iphoneos;
				SWIFT_ACTIVE_COMPILATION_CONDITIONS = "DEBUG $(inherited)";
				SWIFT_OPTIMIZATION_LEVEL = "-Onone";
			};
			name = Debug;
		};
		6A042CD92EC1EE9C00B5C6F6 /* Release */ = {
			isa = XCBuildConfiguration;
			buildSettings = {
				ALWAYS_SEARCH_USER_PATHS = NO;
				ASSETCATALOG_COMPILER_GENERATE_SWIFT_ASSET_SYMBOL_EXTENSIONS = YES;
				CLANG_ANALYZER_NONNULL = YES;
				CLANG_ANALYZER_NUMBER_OBJECT_CONVERSION = YES_AGGRESSIVE;
				CLANG_CXX_LANGUAGE_STANDARD = "gnu++20";
				CLANG_ENABLE_MODULES = YES;
				CLANG_ENABLE_OBJC_ARC = YES;
				CLANG_ENABLE_OBJC_WEAK = YES;
				CLANG_WARN_BLOCK_CAPTURE_AUTORELEASING = YES;
				CLANG_WARN_BOOL_CONVERSION = YES;
				CLANG_WARN_COMMA = YES;
				CLANG_WARN_CONSTANT_CONVERSION = YES;
				CLANG_WARN_DEPRECATED_OBJC_IMPLEMENTATIONS = YES;
				CLANG_WARN_DIRECT_OBJC_ISA_USAGE = YES_ERROR;
				CLANG_WARN_DOCUMENTATION_COMMENTS = YES;
				CLANG_WARN_EMPTY_BODY = YES;
				CLANG_WARN_ENUM_CONVERSION = YES;
				CLANG_WARN_INFINITE_RECURSION = YES;
				CLANG_WARN_INT_CONVERSION = YES;
				CLANG_WARN_NON_LITERAL_NULL_CONVERSION = YES;
				CLANG_WARN_OBJC_IMPLICIT_RETAIN_SELF = YES;
				CLANG_WARN_OBJC_LITERAL_CONVERSION = YES;
				CLANG_WARN_OBJC_ROOT_CLASS = YES_ERROR;
				CLANG_WARN_QUOTED_INCLUDE_IN_FRAMEWORK_HEADER = YES;
				CLANG_WARN_RANGE_LOOP_ANALYSIS = YES;
				CLANG_WARN_STRICT_PROTOTYPES = YES;
				CLANG_WARN_SUSPICIOUS_MOVE = YES;
				CLANG_WARN_UNGUARDED_AVAILABILITY = YES_AGGRESSIVE;
				CLANG_WARN_UNREACHABLE_CODE = YES;
				CLANG_WARN__DUPLICATE_METHOD_MATCH = YES;
				COPY_PHASE_STRIP = NO;
				DEBUG_INFORMATION_FORMAT = "dwarf-with-dsym";
				ENABLE_NS_ASSERTIONS = NO;
				ENABLE_STRICT_OBJC_MSGSEND = YES;
				ENABLE_USER_SCRIPT_SANDBOXING = YES;
				GCC_C_LANGUAGE_STANDARD = gnu17;
				GCC_NO_COMMON_BLOCKS = YES;
				GCC_WARN_64_TO_32_BIT_CONVERSION = YES;
				GCC_WARN_ABOUT_RETURN_TYPE = YES_ERROR;
				GCC_WARN_UNDECLARED_SELECTOR = YES;
				GCC_WARN_UNINITIALIZED_AUTOS = YES_AGGRESSIVE;
				GCC_WARN_UNUSED_FUNCTION = YES;
				GCC_WARN_UNUSED_VARIABLE = YES;
				IPHONEOS_DEPLOYMENT_TARGET = 17.5;
				LOCALIZATION_PREFERS_STRING_CATALOGS = YES;
				MTL_ENABLE_DEBUG_INFO = NO;
				MTL_FAST_MATH = YES;
				SDKROOT = iphoneos;
				SWIFT_COMPILATION_MODE = wholemodule;
				VALIDATE_PRODUCT = YES;
			};
			name = Release;
		};
		6A042CDB2EC1EE9C00B5C6F6 /* Debug */ = {
			isa = XCBuildConfiguration;
			buildSettings = {
				ASSETCATALOG_COMPILER_APPICON_NAME = AppIcon;
				ASSETCATALOG_COMPILER_GLOBAL_ACCENT_COLOR_NAME = AccentColor;
				CODE_SIGN_STYLE = Automatic;
				CURRENT_PROJECT_VERSION = 1;
				DEVELOPMENT_ASSET_PATHS = "\"NikeAppIOS/Preview Content\"";
				ENABLE_PREVIEWS = YES;
				GENERATE_INFOPLIST_FILE = YES;
				INFOPLIST_KEY_UIApplicationSceneManifest_Generation = YES;
				INFOPLIST_KEY_UIApplicationSupportsIndirectInputEvents = YES;
				INFOPLIST_KEY_UILaunchScreen_Generation = YES;
				INFOPLIST_KEY_UISupportedInterfaceOrientations_iPad = "UIInterfaceOrientationPortrait UIInterfaceOrientationPortraitUpsideDown UIInterfaceOrientationLandscapeLeft UIInterfaceOrientationLandscapeRight";
				INFOPLIST_KEY_UISupportedInterfaceOrientations_iPhone = "UIInterfaceOrientationPortrait UIInterfaceOrientationLandscapeLeft UIInterfaceOrientationLandscapeRight";
				LD_RUNPATH_SEARCH_PATHS = (
					"$(inherited)",
					"@executable_path/Frameworks",
				);
				MARKETING_VERSION = 1.0;
				PRODUCT_BUNDLE_IDENTIFIER = com.cs.vsu.tdo.NikeAppIOS;
				PRODUCT_NAME = "$(TARGET_NAME)";
				SWIFT_EMIT_LOC_STRINGS = YES;
				SWIFT_VERSION = 5.0;
				TARGETED_DEVICE_FAMILY = "1,2";
			};
			name = Debug;
		};
		6A042CDC2EC1EE9C00B5C6F6 /* Release */ = {
			isa = XCBuildConfiguration;
			buildSettings = {
				ASSETCATALOG_COMPILER_APPICON_NAME = AppIcon;
				ASSETCATALOG_COMPILER_GLOBAL_ACCENT_COLOR_NAME = AccentColor;
				CODE_SIGN_STYLE = Automatic;
				CURRENT_PROJECT_VERSION = 1;
				DEVELOPMENT_ASSET_PATHS = "\"NikeAppIOS/Preview Content\"";
				ENABLE_PREVIEWS = YES;
				GENERATE_INFOPLIST_FILE = YES;
				INFOPLIST_KEY_UIApplicationSceneManifest_Generation = YES;
				INFOPLIST_KEY_UIApplicationSupportsIndirectInputEvents = YES;
				INFOPLIST_KEY_UILaunchScreen_Generation = YES;
				INFOPLIST_KEY_UISupportedInterfaceOrientations_iPad = "UIInterfaceOrientationPortrait UIInterfaceOrientationPortraitUpsideDown UIInterfaceOrientationLandscapeLeft UIInterfaceOrientationLandscapeRight";
				INFOPLIST_KEY_UISupportedInterfaceOrientations_iPhone = "UIInterfaceOrientationPortrait UIInterfaceOrientationLandscapeLeft UIInterfaceOrientationLandscapeRight";
				LD_RUNPATH_SEARCH_PATHS = (
					"$(inherited)",
					"@executable_path/Frameworks",
				);
				MARKETING_VERSION = 1.0;
				PRODUCT_BUNDLE_IDENTIFIER = com.cs.vsu.tdo.NikeAppIOS;
				PRODUCT_NAME = "$(TARGET_NAME)";
				SWIFT_EMIT_LOC_STRINGS = YES;
				SWIFT_VERSION = 5.0;
				TARGETED_DEVICE_FAMILY = "1,2";
			};
			name = Release;
		};
/* End XCBuildConfiguration section */

/* Begin XCConfigurationList section */
		6A042CC72EC1EE9A00B5C6F6 /* Build configuration list for PBXProject "NikeAppIOS" */ = {
			isa = XCConfigurationList;
			buildConfigurations = (
				6A042CD82EC1EE9C00B5C6F6 /* Debug */,
				6A042CD92EC1EE9C00B5C6F6 /* Release */,
			);
			defaultConfigurationIsVisible = 0;
			defaultConfigurationName = Release;
		};
		6A042CDA2EC1EE9C00B5C6F6 /* Build configuration list for PBXNativeTarget "NikeAppIOS" */ = {
			isa = XCConfigurationList;
			buildConfigurations = (
				6A042CDB2EC1EE9C00B5C6F6 /* Debug */,
				6A042CDC2EC1EE9C00B5C6F6 /* Release */,
			);
			defaultConfigurationIsVisible = 0;
			defaultConfigurationName = Release;
		};
/* End XCConfigurationList section */
	};
	rootObject = 6A042CC42EC1EE9900B5C6F6 /* Project object */;
}
